
Microsoft Visual Studio Solution File, Format Version 12.00
# Visual Studio 15
Project("{FAE04EC0-301F-11D3-BF4B-00C04F79EFBC}") = "Assembly-CSharp", "Assembly-CSharp.csproj", "{21C395D3-4C19-97C0-DB05-59CA3E127F7A}"
EndProject
Global
	GlobalSection(SolutionConfigurationPlatforms) = preSolution
		Debug|Any CPU = Debug|Any CPU
		Release|Any CPU = Release|Any CPU
	EndGlobalSection
	GlobalSection(ProjectConfigurationPlatforms) = postSolution
		{21C395D3-4C19-97C0-DB05-59CA3E127F7A}.Debug|Any CPU.ActiveCfg = Debug|Any CPU
		{21C395D3-4C19-97C0-DB05-59CA3E127F7A}.Debug|Any CPU.Build.0 = Debug|Any CPU
		{21C395D3-4C19-97C0-DB05-59CA3E127F7A}.Release|Any CPU.ActiveCfg = Release|Any CPU
		{21C395D3-4C19-97C0-DB05-59CA3E127F7A}.Release|Any CPU.Build.0 = Release|Any CPU
	EndGlobalSection
	GlobalSection(SolutionProperties) = preSolution
		HideSolutionNode = FALSE
	EndGlobalSection
EndGlobal
